github.com/JoKr4/gpiod2go v0.0.0-20240228165321-b4c76a1b9a76 h1:Io0532/v4ZdG1qHXzyM2BoHnFpL7/ql3AWzIXIh02E4=
github.com/JoKr4/gpiod2go v0.0.0-20240228165321-b4c76a1b9a76/go.mod h1:55ao7oEFwRENfTccF4wI36UYdBd0WkN8BeObm5a4MOw=
github.com/JoKr4/gpiod2go v0.0.0-20240302175434-80d04f08308c h1:t0NdHHcqbz9OD48ziE/4ntNhQBxPsw7EynSk2zplgNQ=
github.com/JoKr4/gpiod2go v0.0.0-20240302175434-80d04f08308c/go.mod h1:55ao7oEFwRENfTccF4wI36UYdBd0WkN8BeObm5a4MOw=
github.com/shamaton/msgpack/v2 v2.1.1 h1:gAMxOtVJz93R0EwewwUc8tx30n34aV6BzJuwHE8ogAk=
github.com/shamaton/msgpack/v2 v2.1.1/go.mod h1:aTUEmh31ziGX1Ml7wMPLVY0f4vT3CRsCvZRoSCs+VGg=
