github.com/JoKr4/gpiod2go v0.0.0-20240316125735-def6e6d4e840 h1:Pu3XhBa0At0laW83C2yrg2EzGMAZKeig1LESgFV/tqc=
github.com/JoKr4/gpiod2go v0.0.0-20240316125735-def6e6d4e840/go.mod h1:55ao7oEFwRENfTccF4wI36UYdBd0WkN8BeObm5a4MOw=
github.com/shamaton/msgpack/v2 v2.1.1 h1:gAMxOtVJz93R0EwewwUc8tx30n34aV6BzJuwHE8ogAk=
github.com/shamaton/msgpack/v2 v2.1.1/go.mod h1:aTUEmh31ziGX1Ml7wMPLVY0f4vT3CRsCvZRoSCs+VGg=
golang.org/x/time v0.5.0 h1:o7cqy6amK/52YcAKIPlM3a+Fpj35zvRj2TP+e1xFSfk=
golang.org/x/time v0.5.0/go.mod h1:3BpzKBy/shNhVucY/MWOyx10tF3SFh9QdLuxbVysPQM=
nhooyr.io/websocket v1.8.10 h1:mv4p+MnGrLDcPlBoWsvPP7XCzTYMXP9F9eIGoKbgx7Q=
nhooyr.io/websocket v1.8.10/go.mod h1:rN9OFWIUwuxg4fR5tELlYC04bXYowCP9GX47ivo2l+c=
